
Microsoft Visual Studio Solution File, Format Version 12.00
# Visual Studio Version 17
VisualStudioVersion = 17.13.35818.85 d17.13
MinimumVisualStudioVersion = 10.0.40219.1
Project("{FAE04EC0-301F-11D3-BF4B-00C04F79EFBC}") = "Password-Vault-Console-App", "Password-Vault-Console-App\Password-Vault-Console-App.csproj", "{6E95C427-F206-4F04-AA39-DDB8D78FC4C0}"
EndProject
Global
	GlobalSection(SolutionConfigurationPlatforms) = preSolution
		Debug|Any CPU = Debug|Any CPU
		Release|Any CPU = Release|Any CPU
	EndGlobalSection
	GlobalSection(ProjectConfigurationPlatforms) = postSolution
		{6E95C427-F206-4F04-AA39-DDB8D78FC4C0}.Debug|Any CPU.ActiveCfg = Debug|Any CPU
		{6E95C427-F206-4F04-AA39-DDB8D78FC4C0}.Debug|Any CPU.Build.0 = Debug|Any CPU
		{6E95C427-F206-4F04-AA39-DDB8D78FC4C0}.Release|Any CPU.ActiveCfg = Release|Any CPU
		{6E95C427-F206-4F04-AA39-DDB8D78FC4C0}.Release|Any CPU.Build.0 = Release|Any CPU
	EndGlobalSection
	GlobalSection(SolutionProperties) = preSolution
		HideSolutionNode = FALSE
	EndGlobalSection
	GlobalSection(ExtensibilityGlobals) = postSolution
		SolutionGuid = {4724B74D-B55C-479A-987E-721A25365F92}
	EndGlobalSection
EndGlobal
